{
  "name": "typescript",
  "version": "0.0.0",
  "lockfileVersion": 1,
  "requires": true,
  "dependencies": {
    "systemjs": {
      "version": "6.2.6",
      "resolved": "https://registry.npmjs.org/systemjs/-/systemjs-6.2.6.tgz",
      "integrity": "sha512-cIGKuf8PwDPsiuC+op7tiyvQTWLDzzXYSx9aYmSrHiz6mVal6VT7uAS0gTEBs5WIWc03RqhvnNbNgodaauBsbg==",
      "dev": true
    }
  }
}
